{
  "pins" : [
    {
      "identity" : "base_sdk",
      "kind" : "remoteSourceControl",
      "location" : "https://github.com/LalanaChami/Base_SDK.git",
      "state" : {
        "revision" : "d9e20deb03ff686051406295ab2e342abda1c027",
        "version" : "0.0.11"
      }
    },
    {
      "identity" : "ui_kit_package",
      "kind" : "remoteSourceControl",
      "location" : "https://github.com/LalanaChami/UI_Kit_Package.git",
      "state" : {
        "revision" : "2577a6ef9eb834f3fe1f43bdfc85f604c1f82666",
        "version" : "0.0.5"
      }
    }
  ],
  "version" : 2
}
