// !$*UTF8*$!
{
	archiveVersion = 1;
	classes = {
	};
	objectVersion = 56;
	objects = {

/* Begin PBXBuildFile section */
		3C130EFA2B18534E00F6E855 /* UI_Kit_Package in Frameworks */ = {isa = PBXBuildFile; productRef = 3C130EF92B18534E00F6E855 /* UI_Kit_Package */; };
		3C130EFD2B18810B00F6E855 /* Base_SDK in Frameworks */ = {isa = PBXBuildFile; productRef = 3C130EFC2B18810B00F6E855 /* Base_SDK */; };
		3C9C7D6A2B1700CA00EB69F0 /* MainApplicationApp.swift in Sources */ = {isa = PBXBuildFile; fileRef = 3C9C7D692B1700CA00EB69F0 /* MainApplicationApp.swift */; };
		3C9C7D6C2B1700CA00EB69F0 /* ContentView.swift in Sources */ = {isa = PBXBuildFile; fileRef = 3C9C7D6B2B1700CA00EB69F0 /* ContentView.swift */; };
		3C9C7D6E2B1700CF00EB69F0 /* Assets.xcassets in Resources */ = {isa = PBXBuildFile; fileRef = 3C9C7D6D2B1700CF00EB69F0 /* Assets.xcassets */; };
		3C9C7D712B1700CF00EB69F0 /* Preview Assets.xcassets in Resources */ = {isa = PBXBuildFile; fileRef = 3C9C7D702B1700CF00EB69F0 /* Preview Assets.xcassets */; };
/* End PBXBuildFile section */

/* Begin PBXCopyFilesBuildPhase section */
		3C9C7E4E2B175C3400EB69F0 /* Embed Frameworks */ = {
			isa = PBXCopyFilesBuildPhase;
			buildActionMask = 2147483647;
			dstPath = "";
			dstSubfolderSpec = 10;
			files = (
			);
			name = "Embed Frameworks";
			runOnlyForDeploymentPostprocessing = 0;
		};
/* End PBXCopyFilesBuildPhase section */

/* Begin PBXFileReference section */
		3C9C7D692B1700CA00EB69F0 /* MainApplicationApp.swift */ = {isa = PBXFileReference; lastKnownFileType = sourcecode.swift; path = MainApplicationApp.swift; sourceTree = "<group>"; };
		3C9C7D6B2B1700CA00EB69F0 /* ContentView.swift */ = {isa = PBXFileReference; lastKnownFileType = sourcecode.swift; path = ContentView.swift; sourceTree = "<group>"; };
		3C9C7D6D2B1700CF00EB69F0 /* Assets.xcassets */ = {isa = PBXFileReference; lastKnownFileType = folder.assetcatalog; path = Assets.xcassets; sourceTree = "<group>"; };
		3C9C7D702B1700CF00EB69F0 /* Preview Assets.xcassets */ = {isa = PBXFileReference; lastKnownFileType = folder.assetcatalog; path = "Preview Assets.xcassets"; sourceTree = "<group>"; };
		3C9C7E4A2B175BD000EB69F0 /* Info.plist */ = {isa = PBXFileReference; lastKnownFileType = text.plist; path = Info.plist; sourceTree = "<group>"; };
		3C9C7E612B1771C000EB69F0 /* MainApplication.app */ = {isa = PBXFileReference; explicitFileType = wrapper.application; includeInIndex = 0; path = MainApplication.app; sourceTree = BUILT_PRODUCTS_DIR; };
/* End PBXFileReference section */

/* Begin PBXFrameworksBuildPhase section */
		3C9C7D632B1700CA00EB69F0 /* Frameworks */ = {
			isa = PBXFrameworksBuildPhase;
			buildActionMask = 2147483647;
			files = (
				3C130EFD2B18810B00F6E855 /* Base_SDK in Frameworks */,
				3C130EFA2B18534E00F6E855 /* UI_Kit_Package in Frameworks */,
			);
			runOnlyForDeploymentPostprocessing = 0;
		};
/* End PBXFrameworksBuildPhase section */

/* Begin PBXGroup section */
		3C9C7D5D2B1700CA00EB69F0 = {
			isa = PBXGroup;
			children = (
				3C9C7D682B1700CA00EB69F0 /* MainApplication */,
				3C9C7E612B1771C000EB69F0 /* MainApplication.app */,
			);
			sourceTree = "<group>";
		};
		3C9C7D682B1700CA00EB69F0 /* MainApplication */ = {
			isa = PBXGroup;
			children = (
				3C9C7E4A2B175BD000EB69F0 /* Info.plist */,
				3C9C7D692B1700CA00EB69F0 /* MainApplicationApp.swift */,
				3C9C7D6B2B1700CA00EB69F0 /* ContentView.swift */,
				3C9C7D6D2B1700CF00EB69F0 /* Assets.xcassets */,
				3C9C7D6F2B1700CF00EB69F0 /* Preview Content */,
			);
			path = MainApplication;
			sourceTree = "<group>";
		};
		3C9C7D6F2B1700CF00EB69F0 /* Preview Content */ = {
			isa = PBXGroup;
			children = (
				3C9C7D702B1700CF00EB69F0 /* Preview Assets.xcassets */,
			);
			path = "Preview Content";
			sourceTree = "<group>";
		};
/* End PBXGroup section */

/* Begin PBXNativeTarget section */
		3C9C7D652B1700CA00EB69F0 /* MainApplication */ = {
			isa = PBXNativeTarget;
			buildConfigurationList = 3C9C7D742B1700CF00EB69F0 /* Build configuration list for PBXNativeTarget "MainApplication" */;
			buildPhases = (
				3C9C7D622B1700CA00EB69F0 /* Sources */,
				3C9C7D632B1700CA00EB69F0 /* Frameworks */,
				3C9C7D642B1700CA00EB69F0 /* Resources */,
				3C9C7E4E2B175C3400EB69F0 /* Embed Frameworks */,
			);
			buildRules = (
			);
			dependencies = (
			);
			name = MainApplication;
			packageProductDependencies = (
				3C130EF92B18534E00F6E855 /* UI_Kit_Package */,
				3C130EFC2B18810B00F6E855 /* Base_SDK */,
			);
			productName = MainApplication;
			productReference = 3C9C7E612B1771C000EB69F0 /* MainApplication.app */;
			productType = "com.apple.product-type.application";
		};
/* End PBXNativeTarget section */

/* Begin PBXProject section */
		3C9C7D5E2B1700CA00EB69F0 /* Project object */ = {
			isa = PBXProject;
			attributes = {
				BuildIndependentTargetsInParallel = 1;
				LastSwiftUpdateCheck = 1500;
				LastUpgradeCheck = 1500;
				TargetAttributes = {
					3C9C7D652B1700CA00EB69F0 = {
						CreatedOnToolsVersion = 15.0.1;
					};
				};
			};
			buildConfigurationList = 3C9C7D612B1700CA00EB69F0 /* Build configuration list for PBXProject "MainApplication" */;
			compatibilityVersion = "Xcode 14.0";
			developmentRegion = en;
			hasScannedForEncodings = 0;
			knownRegions = (
				en,
				Base,
			);
			mainGroup = 3C9C7D5D2B1700CA00EB69F0;
			packageReferences = (
				3C130EF82B18534E00F6E855 /* XCRemoteSwiftPackageReference "UI_Kit_Package" */,
				3C130EFB2B18810B00F6E855 /* XCRemoteSwiftPackageReference "Base_SDK" */,
			);
			productRefGroup = 3C9C7D5D2B1700CA00EB69F0;
			projectDirPath = "";
			projectRoot = "";
			targets = (
				3C9C7D652B1700CA00EB69F0 /* MainApplication */,
			);
		};
/* End PBXProject section */

/* Begin PBXResourcesBuildPhase section */
		3C9C7D642B1700CA00EB69F0 /* Resources */ = {
			isa = PBXResourcesBuildPhase;
			buildActionMask = 2147483647;
			files = (
				3C9C7D712B1700CF00EB69F0 /* Preview Assets.xcassets in Resources */,
				3C9C7D6E2B1700CF00EB69F0 /* Assets.xcassets in Resources */,
			);
			runOnlyForDeploymentPostprocessing = 0;
		};
/* End PBXResourcesBuildPhase section */

/* Begin PBXSourcesBuildPhase section */
		3C9C7D622B1700CA00EB69F0 /* Sources */ = {
			isa = PBXSourcesBuildPhase;
			buildActionMask = 2147483647;
			files = (
				3C9C7D6C2B1700CA00EB69F0 /* ContentView.swift in Sources */,
				3C9C7D6A2B1700CA00EB69F0 /* MainApplicationApp.swift in Sources */,
			);
			runOnlyForDeploymentPostprocessing = 0;
		};
/* End PBXSourcesBuildPhase section */

/* Begin XCBuildConfiguration section */
		3C9C7D722B1700CF00EB69F0 /* Debug */ = {
			isa = XCBuildConfiguration;
			buildSettings = {
				ALWAYS_SEARCH_USER_PATHS = NO;
				ASSETCATALOG_COMPILER_GENERATE_SWIFT_ASSET_SYMBOL_EXTENSIONS = YES;
				CLANG_ANALYZER_NONNULL = YES;
				CLANG_ANALYZER_NUMBER_OBJECT_CONVERSION = YES_AGGRESSIVE;
				CLANG_CXX_LANGUAGE_STANDARD = "gnu++20";
				CLANG_ENABLE_MODULES = YES;
				CLANG_ENABLE_OBJC_ARC = YES;
				CLANG_ENABLE_OBJC_WEAK = YES;
				CLANG_WARN_BLOCK_CAPTURE_AUTORELEASING = YES;
				CLANG_WARN_BOOL_CONVERSION = YES;
				CLANG_WARN_COMMA = YES;
				CLANG_WARN_CONSTANT_CONVERSION = YES;
				CLANG_WARN_DEPRECATED_OBJC_IMPLEMENTATIONS = YES;
				CLANG_WARN_DIRECT_OBJC_ISA_USAGE = YES_ERROR;
				CLANG_WARN_DOCUMENTATION_COMMENTS = YES;
				CLANG_WARN_EMPTY_BODY = YES;
				CLANG_WARN_ENUM_CONVERSION = YES;
				CLANG_WARN_INFINITE_RECURSION = YES;
				CLANG_WARN_INT_CONVERSION = YES;
				CLANG_WARN_NON_LITERAL_NULL_CONVERSION = YES;
				CLANG_WARN_OBJC_IMPLICIT_RETAIN_SELF = YES;
				CLANG_WARN_OBJC_LITERAL_CONVERSION = YES;
				CLANG_WARN_OBJC_ROOT_CLASS = YES_ERROR;
				CLANG_WARN_QUOTED_INCLUDE_IN_FRAMEWORK_HEADER = YES;
				CLANG_WARN_RANGE_LOOP_ANALYSIS = YES;
				CLANG_WARN_STRICT_PROTOTYPES = YES;
				CLANG_WARN_SUSPICIOUS_MOVE = YES;
				CLANG_WARN_UNGUARDED_AVAILABILITY = YES_AGGRESSIVE;
				CLANG_WARN_UNREACHABLE_CODE = YES;
				CLANG_WARN__DUPLICATE_METHOD_MATCH = YES;
				COPY_PHASE_STRIP = NO;
				DEBUG_INFORMATION_FORMAT = dwarf;
				ENABLE_STRICT_OBJC_MSGSEND = YES;
				ENABLE_TESTABILITY = YES;
				ENABLE_USER_SCRIPT_SANDBOXING = YES;
				GCC_C_LANGUAGE_STANDARD = gnu17;
				GCC_DYNAMIC_NO_PIC = NO;
				GCC_NO_COMMON_BLOCKS = YES;
				GCC_OPTIMIZATION_LEVEL = 0;
				GCC_PREPROCESSOR_DEFINITIONS = (
					"DEBUG=1",
					"$(inherited)",
				);
				GCC_WARN_64_TO_32_BIT_CONVERSION = YES;
				GCC_WARN_ABOUT_RETURN_TYPE = YES_ERROR;
				GCC_WARN_UNDECLARED_SELECTOR = YES;
				GCC_WARN_UNINITIALIZED_AUTOS = YES_AGGRESSIVE;
				GCC_WARN_UNUSED_FUNCTION = YES;
				GCC_WARN_UNUSED_VARIABLE = YES;
				IPHONEOS_DEPLOYMENT_TARGET = 17.0;
				LOCALIZATION_PREFERS_STRING_CATALOGS = YES;
				MTL_ENABLE_DEBUG_INFO = INCLUDE_SOURCE;
				MTL_FAST_MATH = YES;
				ONLY_ACTIVE_ARCH = YES;
				SDKROOT = iphoneos;
				SWIFT_ACTIVE_COMPILATION_CONDITIONS = "DEBUG $(inherited)";
				SWIFT_OPTIMIZATION_LEVEL = "-Onone";
			};
			name = Debug;
		};
		3C9C7D732B1700CF00EB69F0 /* Release */ = {
			isa = XCBuildConfiguration;
			buildSettings = {
				ALWAYS_SEARCH_USER_PATHS = NO;
				ASSETCATALOG_COMPILER_GENERATE_SWIFT_ASSET_SYMBOL_EXTENSIONS = YES;
				CLANG_ANALYZER_NONNULL = YES;
				CLANG_ANALYZER_NUMBER_OBJECT_CONVERSION = YES_AGGRESSIVE;
				CLANG_CXX_LANGUAGE_STANDARD = "gnu++20";
				CLANG_ENABLE_MODULES = YES;
				CLANG_ENABLE_OBJC_ARC = YES;
				CLANG_ENABLE_OBJC_WEAK = YES;
				CLANG_WARN_BLOCK_CAPTURE_AUTORELEASING = YES;
				CLANG_WARN_BOOL_CONVERSION = YES;
				CLANG_WARN_COMMA = YES;
				CLANG_WARN_CONSTANT_CONVERSION = YES;
				CLANG_WARN_DEPRECATED_OBJC_IMPLEMENTATIONS = YES;
				CLANG_WARN_DIRECT_OBJC_ISA_USAGE = YES_ERROR;
				CLANG_WARN_DOCUMENTATION_COMMENTS = YES;
				CLANG_WARN_EMPTY_BODY = YES;
				CLANG_WARN_ENUM_CONVERSION = YES;
				CLANG_WARN_INFINITE_RECURSION = YES;
				CLANG_WARN_INT_CONVERSION = YES;
				CLANG_WARN_NON_LITERAL_NULL_CONVERSION = YES;
				CLANG_WARN_OBJC_IMPLICIT_RETAIN_SELF = YES;
				CLANG_WARN_OBJC_LITERAL_CONVERSION = YES;
				CLANG_WARN_OBJC_ROOT_CLASS = YES_ERROR;
				CLANG_WARN_QUOTED_INCLUDE_IN_FRAMEWORK_HEADER = YES;
				CLANG_WARN_RANGE_LOOP_ANALYSIS = YES;
				CLANG_WARN_STRICT_PROTOTYPES = YES;
				CLANG_WARN_SUSPICIOUS_MOVE = YES;
				CLANG_WARN_UNGUARDED_AVAILABILITY = YES_AGGRESSIVE;
				CLANG_WARN_UNREACHABLE_CODE = YES;
				CLANG_WARN__DUPLICATE_METHOD_MATCH = YES;
				COPY_PHASE_STRIP = NO;
				DEBUG_INFORMATION_FORMAT = "dwarf-with-dsym";
				ENABLE_NS_ASSERTIONS = NO;
				ENABLE_STRICT_OBJC_MSGSEND = YES;
				ENABLE_USER_SCRIPT_SANDBOXING = YES;
				GCC_C_LANGUAGE_STANDARD = gnu17;
				GCC_NO_COMMON_BLOCKS = YES;
				GCC_WARN_64_TO_32_BIT_CONVERSION = YES;
				GCC_WARN_ABOUT_RETURN_TYPE = YES_ERROR;
				GCC_WARN_UNDECLARED_SELECTOR = YES;
				GCC_WARN_UNINITIALIZED_AUTOS = YES_AGGRESSIVE;
				GCC_WARN_UNUSED_FUNCTION = YES;
				GCC_WARN_UNUSED_VARIABLE = YES;
				IPHONEOS_DEPLOYMENT_TARGET = 17.0;
				LOCALIZATION_PREFERS_STRING_CATALOGS = YES;
				MTL_ENABLE_DEBUG_INFO = NO;
				MTL_FAST_MATH = YES;
				SDKROOT = iphoneos;
				SWIFT_COMPILATION_MODE = wholemodule;
				VALIDATE_PRODUCT = YES;
			};
			name = Release;
		};
		3C9C7D752B1700CF00EB69F0 /* Debug */ = {
			isa = XCBuildConfiguration;
			buildSettings = {
				ASSETCATALOG_COMPILER_APPICON_NAME = AppIcon;
				ASSETCATALOG_COMPILER_GLOBAL_ACCENT_COLOR_NAME = AccentColor;
				CODE_SIGN_STYLE = Automatic;
				CURRENT_PROJECT_VERSION = 1;
				DEVELOPMENT_ASSET_PATHS = "\"MainApplication/Preview Content\"";
				DEVELOPMENT_TEAM = YFLX8VC946;
				ENABLE_PREVIEWS = YES;
				FRAMEWORK_SEARCH_PATHS = (
					"$(inherited)",
					"$(PROJECT_DIR)",
					"$(PROJECT_DIR)/UI-Component-SDK.build/VerifyModule/UI_Component_SDK_objective-c++_arm64-apple-ios17.0-simulator_gnu++20/Test",
					"$(PROJECT_DIR)/UI-Component-SDK.build/VerifyModule/UI_Component_SDK_objective-c_arm64-apple-ios17.0-simulator_gnu17/Test",
					"$(PROJECT_DIR)/MainApplication",
				);
				GCC_NO_COMMON_BLOCKS = NO;
				GENERATE_INFOPLIST_FILE = YES;
				INFOPLIST_FILE = MainApplication/Info.plist;
				INFOPLIST_KEY_UIApplicationSceneManifest_Generation = YES;
				INFOPLIST_KEY_UIApplicationSupportsIndirectInputEvents = YES;
				INFOPLIST_KEY_UILaunchScreen_Generation = YES;
				INFOPLIST_KEY_UISupportedInterfaceOrientations_iPad = "UIInterfaceOrientationPortrait UIInterfaceOrientationPortraitUpsideDown UIInterfaceOrientationLandscapeLeft UIInterfaceOrientationLandscapeRight";
				INFOPLIST_KEY_UISupportedInterfaceOrientations_iPhone = "UIInterfaceOrientationPortrait UIInterfaceOrientationLandscapeLeft UIInterfaceOrientationLandscapeRight";
				LD_RUNPATH_SEARCH_PATHS = (
					"$(inherited)",
					"@executable_path/Frameworks",
				);
				MARKETING_VERSION = 1.0;
				PRODUCT_BUNDLE_IDENTIFIER = com.gtn.MainApplication;
				PRODUCT_NAME = "$(TARGET_NAME)";
				SWIFT_EMIT_LOC_STRINGS = YES;
				SWIFT_VERSION = 5.0;
				TARGETED_DEVICE_FAMILY = "1,2";
			};
			name = Debug;
		};
		3C9C7D762B1700CF00EB69F0 /* Release */ = {
			isa = XCBuildConfiguration;
			buildSettings = {
				ASSETCATALOG_COMPILER_APPICON_NAME = AppIcon;
				ASSETCATALOG_COMPILER_GLOBAL_ACCENT_COLOR_NAME = AccentColor;
				CODE_SIGN_STYLE = Automatic;
				CURRENT_PROJECT_VERSION = 1;
				DEVELOPMENT_ASSET_PATHS = "\"MainApplication/Preview Content\"";
				DEVELOPMENT_TEAM = YFLX8VC946;
				ENABLE_PREVIEWS = YES;
				FRAMEWORK_SEARCH_PATHS = (
					"$(inherited)",
					"$(PROJECT_DIR)",
					"$(PROJECT_DIR)/UI-Component-SDK.build/VerifyModule/UI_Component_SDK_objective-c++_arm64-apple-ios17.0-simulator_gnu++20/Test",
					"$(PROJECT_DIR)/UI-Component-SDK.build/VerifyModule/UI_Component_SDK_objective-c_arm64-apple-ios17.0-simulator_gnu17/Test",
					"$(PROJECT_DIR)/MainApplication",
				);
				GCC_NO_COMMON_BLOCKS = NO;
				GENERATE_INFOPLIST_FILE = YES;
				INFOPLIST_FILE = MainApplication/Info.plist;
				INFOPLIST_KEY_UIApplicationSceneManifest_Generation = YES;
				INFOPLIST_KEY_UIApplicationSupportsIndirectInputEvents = YES;
				INFOPLIST_KEY_UILaunchScreen_Generation = YES;
				INFOPLIST_KEY_UISupportedInterfaceOrientations_iPad = "UIInterfaceOrientationPortrait UIInterfaceOrientationPortraitUpsideDown UIInterfaceOrientationLandscapeLeft UIInterfaceOrientationLandscapeRight";
				INFOPLIST_KEY_UISupportedInterfaceOrientations_iPhone = "UIInterfaceOrientationPortrait UIInterfaceOrientationLandscapeLeft UIInterfaceOrientationLandscapeRight";
				LD_RUNPATH_SEARCH_PATHS = (
					"$(inherited)",
					"@executable_path/Frameworks",
				);
				MARKETING_VERSION = 1.0;
				PRODUCT_BUNDLE_IDENTIFIER = com.gtn.MainApplication;
				PRODUCT_NAME = "$(TARGET_NAME)";
				SWIFT_EMIT_LOC_STRINGS = YES;
				SWIFT_VERSION = 5.0;
				TARGETED_DEVICE_FAMILY = "1,2";
			};
			name = Release;
		};
/* End XCBuildConfiguration section */

/* Begin XCConfigurationList section */
		3C9C7D612B1700CA00EB69F0 /* Build configuration list for PBXProject "MainApplication" */ = {
			isa = XCConfigurationList;
			buildConfigurations = (
				3C9C7D722B1700CF00EB69F0 /* Debug */,
				3C9C7D732B1700CF00EB69F0 /* Release */,
			);
			defaultConfigurationIsVisible = 0;
			defaultConfigurationName = Release;
		};
		3C9C7D742B1700CF00EB69F0 /* Build configuration list for PBXNativeTarget "MainApplication" */ = {
			isa = XCConfigurationList;
			buildConfigurations = (
				3C9C7D752B1700CF00EB69F0 /* Debug */,
				3C9C7D762B1700CF00EB69F0 /* Release */,
			);
			defaultConfigurationIsVisible = 0;
			defaultConfigurationName = Release;
		};
/* End XCConfigurationList section */

/* Begin XCRemoteSwiftPackageReference section */
		3C130EF82B18534E00F6E855 /* XCRemoteSwiftPackageReference "UI_Kit_Package" */ = {
			isa = XCRemoteSwiftPackageReference;
			repositoryURL = "https://github.com/LalanaChami/UI_Kit_Package.git";
			requirement = {
				kind = upToNextMajorVersion;
				minimumVersion = 0.0.1;
			};
		};
		3C130EFB2B18810B00F6E855 /* XCRemoteSwiftPackageReference "Base_SDK" */ = {
			isa = XCRemoteSwiftPackageReference;
			repositoryURL = "https://github.com/LalanaChami/Base_SDK.git";
			requirement = {
				kind = upToNextMajorVersion;
				minimumVersion = 0.0.1;
			};
		};
/* End XCRemoteSwiftPackageReference section */

/* Begin XCSwiftPackageProductDependency section */
		3C130EF92B18534E00F6E855 /* UI_Kit_Package */ = {
			isa = XCSwiftPackageProductDependency;
			package = 3C130EF82B18534E00F6E855 /* XCRemoteSwiftPackageReference "UI_Kit_Package" */;
			productName = UI_Kit_Package;
		};
		3C130EFC2B18810B00F6E855 /* Base_SDK */ = {
			isa = XCSwiftPackageProductDependency;
			package = 3C130EFB2B18810B00F6E855 /* XCRemoteSwiftPackageReference "Base_SDK" */;
			productName = Base_SDK;
		};
/* End XCSwiftPackageProductDependency section */
	};
	rootObject = 3C9C7D5E2B1700CA00EB69F0 /* Project object */;
}
